Microsoft Visual Studio Solution File, Format Version 12.00
# Visual Studio Version 17
VisualStudioVersion = 17.5.2.0
MinimumVisualStudioVersion = 10.0.40219.1
Project("{FAE04EC0-301F-11D3-BF4B-00C04F79EFBC}") = "roomvision.presentation", "roomvision.presentation.csproj", "{CE0720D1-89A1-B85F-BB7D-61F3F4057EB2}"
EndProject
Global
	GlobalSection(SolutionConfigurationPlatforms) = preSolution
		Debug|Any CPU = Debug|Any CPU
		Release|Any CPU = Release|Any CPU
	EndGlobalSection
	GlobalSection(ProjectConfigurationPlatforms) = postSolution
		{CE0720D1-89A1-B85F-BB7D-61F3F4057EB2}.Debug|Any CPU.ActiveCfg = Debug|Any CPU
		{CE0720D1-89A1-B85F-BB7D-61F3F4057EB2}.Debug|Any CPU.Build.0 = Debug|Any CPU
		{CE0720D1-89A1-B85F-BB7D-61F3F4057EB2}.Release|Any CPU.ActiveCfg = Release|Any CPU
		{CE0720D1-89A1-B85F-BB7D-61F3F4057EB2}.Release|Any CPU.Build.0 = Release|Any CPU
	EndGlobalSection
	GlobalSection(SolutionProperties) = preSolution
		HideSolutionNode = FALSE
	EndGlobalSection
	GlobalSection(ExtensibilityGlobals) = postSolution
		SolutionGuid = {F5775814-3866-4DEC-8206-B83E174DAF8E}
	EndGlobalSection
EndGlobal
